PODS:
  - XMNetworking (1.0.0):
    - XMNetworking/Core (= 1.0.0)
    - XMNetworking/Lib (= 1.0.0)
  - XMNetworking/Core (1.0.0):
    - XMNetworking/Lib/AFNetworking-3.1.0
  - XMNetworking/Lib (1.0.0):
    - XMNetworking/Lib/AFNetworking-3.1.0 (= 1.0.0)
  - XMNetworking/Lib/AFNetworking-3.1.0 (1.0.0)

DEPENDENCIES:
  - XMNetworking

SPEC CHECKSUMS:
  XMNetworking: 997cdb61f537362a2bb7bb4e7e0a36bff03bdad1

PODFILE CHECKSUM: 7424983f1ecf9836029918ab7ed1115bf12d9d61

COCOAPODS: 1.2.0.beta.1
